{
  "name": "turfbug",
  "version": "1.0.0",
  "lockfileVersion": 2,
  "requires": true,
  "packages": {
    "": {
      "name": "turfbug",
      "version": "1.0.0",
      "license": "ISC",
      "dependencies": {
        "@turf/truncate": "^6.5.0",
        "@turf/union": "^6.5.0"
      }
    },
    "node_modules/@turf/helpers": {
      "version": "6.5.0",
      "resolved": "https://registry.npmjs.org/@turf/helpers/-/helpers-6.5.0.tgz",
      "integrity": "sha512-VbI1dV5bLFzohYYdgqwikdMVpe7pJ9X3E+dlr425wa2/sMJqYDhTO++ec38/pcPvPE6oD9WEEeU3Xu3gza+VPw==",
      "funding": {
        "url": "https://opencollective.com/turf"
      }
    },
    "node_modules/@turf/invariant": {
      "version": "6.5.0",
      "resolved": "https://registry.npmjs.org/@turf/invariant/-/invariant-6.5.0.tgz",
      "integrity": "sha512-Wv8PRNCtPD31UVbdJE/KVAWKe7l6US+lJItRR/HOEW3eh+U/JwRCSUl/KZ7bmjM/C+zLNoreM2TU6OoLACs4eg==",
      "dependencies": {
        "@turf/helpers": "^6.5.0"
      },
      "funding": {
        "url": "https://opencollective.com/turf"
      }
    },
    "node_modules/@turf/meta": {
      "version": "6.5.0",
      "resolved": "https://registry.npmjs.org/@turf/meta/-/meta-6.5.0.tgz",
      "integrity": "sha512-RrArvtsV0vdsCBegoBtOalgdSOfkBrTJ07VkpiCnq/491W67hnMWmDu7e6Ztw0C3WldRYTXkg3SumfdzZxLBHA==",
      "dependencies": {
        "@turf/helpers": "^6.5.0"
      },
      "funding": {
        "url": "https://opencollective.com/turf"
      }
    },
    "node_modules/@turf/truncate": {
      "version": "6.5.0",
      "resolved": "https://registry.npmjs.org/@turf/truncate/-/truncate-6.5.0.tgz",
      "integrity": "sha512-pFxg71pLk+eJj134Z9yUoRhIi8vqnnKvCYwdT4x/DQl/19RVdq1tV3yqOT3gcTQNfniteylL5qV1uTBDV5sgrg==",
      "dependencies": {
        "@turf/helpers": "^6.5.0",
        "@turf/meta": "^6.5.0"
      },
      "funding": {
        "url": "https://opencollective.com/turf"
      }
    },
    "node_modules/@turf/union": {
      "version": "6.5.0",
      "resolved": "https://registry.npmjs.org/@turf/union/-/union-6.5.0.tgz",
      "integrity": "sha512-igYWCwP/f0RFHIlC2c0SKDuM/ObBaqSljI3IdV/x71805QbIvY/BYGcJdyNcgEA6cylIGl/0VSlIbpJHZ9ldhw==",
      "dependencies": {
        "@turf/helpers": "^6.5.0",
        "@turf/invariant": "^6.5.0",
        "polygon-clipping": "^0.15.3"
      },
      "funding": {
        "url": "https://opencollective.com/turf"
      }
    },
    "node_modules/polygon-clipping": {
      "version": "0.15.3",
      "resolved": "https://registry.npmjs.org/polygon-clipping/-/polygon-clipping-0.15.3.tgz",
      "integrity": "sha512-ho0Xx5DLkgxRx/+n4O74XyJ67DcyN3Tu9bGYKsnTukGAW6ssnuak6Mwcyb1wHy9MZc9xsUWqIoiazkZB5weECg==",
      "dependencies": {
        "splaytree": "^3.1.0"
      }
    },
    "node_modules/splaytree": {
      "version": "3.1.1",
      "resolved": "https://registry.npmjs.org/splaytree/-/splaytree-3.1.1.tgz",
      "integrity": "sha512-9FaQ18FF0+sZc/ieEeXHt+Jw2eSpUgUtTLDYB/HXKWvhYVyOc7h1hzkn5MMO3GPib9MmXG1go8+OsBBzs/NMww=="
    }
  },
  "dependencies": {
    "@turf/helpers": {
      "version": "6.5.0",
      "resolved": "https://registry.npmjs.org/@turf/helpers/-/helpers-6.5.0.tgz",
      "integrity": "sha512-VbI1dV5bLFzohYYdgqwikdMVpe7pJ9X3E+dlr425wa2/sMJqYDhTO++ec38/pcPvPE6oD9WEEeU3Xu3gza+VPw=="
    },
    "@turf/invariant": {
      "version": "6.5.0",
      "resolved": "https://registry.npmjs.org/@turf/invariant/-/invariant-6.5.0.tgz",
      "integrity": "sha512-Wv8PRNCtPD31UVbdJE/KVAWKe7l6US+lJItRR/HOEW3eh+U/JwRCSUl/KZ7bmjM/C+zLNoreM2TU6OoLACs4eg==",
      "requires": {
        "@turf/helpers": "^6.5.0"
      }
    },
    "@turf/meta": {
      "version": "6.5.0",
      "resolved": "https://registry.npmjs.org/@turf/meta/-/meta-6.5.0.tgz",
      "integrity": "sha512-RrArvtsV0vdsCBegoBtOalgdSOfkBrTJ07VkpiCnq/491W67hnMWmDu7e6Ztw0C3WldRYTXkg3SumfdzZxLBHA==",
      "requires": {
        "@turf/helpers": "^6.5.0"
      }
    },
    "@turf/truncate": {
      "version": "6.5.0",
      "resolved": "https://registry.npmjs.org/@turf/truncate/-/truncate-6.5.0.tgz",
      "integrity": "sha512-pFxg71pLk+eJj134Z9yUoRhIi8vqnnKvCYwdT4x/DQl/19RVdq1tV3yqOT3gcTQNfniteylL5qV1uTBDV5sgrg==",
      "requires": {
        "@turf/helpers": "^6.5.0",
        "@turf/meta": "^6.5.0"
      }
    },
    "@turf/union": {
      "version": "6.5.0",
      "resolved": "https://registry.npmjs.org/@turf/union/-/union-6.5.0.tgz",
      "integrity": "sha512-igYWCwP/f0RFHIlC2c0SKDuM/ObBaqSljI3IdV/x71805QbIvY/BYGcJdyNcgEA6cylIGl/0VSlIbpJHZ9ldhw==",
      "requires": {
        "@turf/helpers": "^6.5.0",
        "@turf/invariant": "^6.5.0",
        "polygon-clipping": "^0.15.3"
      }
    },
    "polygon-clipping": {
      "version": "0.15.3",
      "resolved": "https://registry.npmjs.org/polygon-clipping/-/polygon-clipping-0.15.3.tgz",
      "integrity": "sha512-ho0Xx5DLkgxRx/+n4O74XyJ67DcyN3Tu9bGYKsnTukGAW6ssnuak6Mwcyb1wHy9MZc9xsUWqIoiazkZB5weECg==",
      "requires": {
        "splaytree": "^3.1.0"
      }
    },
    "splaytree": {
      "version": "3.1.1",
      "resolved": "https://registry.npmjs.org/splaytree/-/splaytree-3.1.1.tgz",
      "integrity": "sha512-9FaQ18FF0+sZc/ieEeXHt+Jw2eSpUgUtTLDYB/HXKWvhYVyOc7h1hzkn5MMO3GPib9MmXG1go8+OsBBzs/NMww=="
    }
  }
}
